
Microsoft Visual Studio Solution File, Format Version 12.00
# Visual Studio 15
VisualStudioVersion = 15.0.26730.16
MinimumVisualStudioVersion = 10.0.40219.1
Project("{FAE04EC0-301F-11D3-BF4B-00C04F79EFBC}") = "coinChangeProblem", "coinChangeProblem\coinChangeProblem.csproj", "{90ADE506-8D5D-4DC6-927E-D6DEC1E2D2A8}"
EndProject
Global
	GlobalSection(SolutionConfigurationPlatforms) = preSolution
		Debug|Any CPU = Debug|Any CPU
		Release|Any CPU = Release|Any CPU
	EndGlobalSection
	GlobalSection(ProjectConfigurationPlatforms) = postSolution
		{90ADE506-8D5D-4DC6-927E-D6DEC1E2D2A8}.Debug|Any CPU.ActiveCfg = Debug|Any CPU
		{90ADE506-8D5D-4DC6-927E-D6DEC1E2D2A8}.Debug|Any CPU.Build.0 = Debug|Any CPU
		{90ADE506-8D5D-4DC6-927E-D6DEC1E2D2A8}.Release|Any CPU.ActiveCfg = Release|Any CPU
		{90ADE506-8D5D-4DC6-927E-D6DEC1E2D2A8}.Release|Any CPU.Build.0 = Release|Any CPU
	EndGlobalSection
	GlobalSection(SolutionProperties) = preSolution
		HideSolutionNode = FALSE
	EndGlobalSection
	GlobalSection(ExtensibilityGlobals) = postSolution
		SolutionGuid = {22215E85-BEDE-4E8F-AE8E-828882EDF786}
	EndGlobalSection
EndGlobal
