
Microsoft Visual Studio Solution File, Format Version 12.00
# Visual Studio 15
VisualStudioVersion = 15.0.27428.2027
MinimumVisualStudioVersion = 10.0.40219.1
Project("{FAE04EC0-301F-11D3-BF4B-00C04F79EFBC}") = "GradingStudents", "GradingStudents\GradingStudents.csproj", "{4B6F02E8-DC78-422D-A86A-FA07E1B422DF}"
EndProject
Global
	GlobalSection(SolutionConfigurationPlatforms) = preSolution
		Debug|Any CPU = Debug|Any CPU
		Release|Any CPU = Release|Any CPU
	EndGlobalSection
	GlobalSection(ProjectConfigurationPlatforms) = postSolution
		{4B6F02E8-DC78-422D-A86A-FA07E1B422DF}.Debug|Any CPU.ActiveCfg = Debug|Any CPU
		{4B6F02E8-DC78-422D-A86A-FA07E1B422DF}.Debug|Any CPU.Build.0 = Debug|Any CPU
		{4B6F02E8-DC78-422D-A86A-FA07E1B422DF}.Release|Any CPU.ActiveCfg = Release|Any CPU
		{4B6F02E8-DC78-422D-A86A-FA07E1B422DF}.Release|Any CPU.Build.0 = Release|Any CPU
	EndGlobalSection
	GlobalSection(SolutionProperties) = preSolution
		HideSolutionNode = FALSE
	EndGlobalSection
	GlobalSection(ExtensibilityGlobals) = postSolution
		SolutionGuid = {E0C13065-B1A4-4128-A874-06887DBAD60A}
	EndGlobalSection
EndGlobal
