
Microsoft Visual Studio Solution File, Format Version 12.00
# Visual Studio 15
VisualStudioVersion = 15.0.27428.2027
MinimumVisualStudioVersion = 10.0.40219.1
Project("{FAE04EC0-301F-11D3-BF4B-00C04F79EFBC}") = "AppleOrange", "AppleOrange\AppleOrange.csproj", "{D9E8C691-D68E-421C-A3E5-08D9D77E1575}"
EndProject
Global
	GlobalSection(SolutionConfigurationPlatforms) = preSolution
		Debug|Any CPU = Debug|Any CPU
		Release|Any CPU = Release|Any CPU
	EndGlobalSection
	GlobalSection(ProjectConfigurationPlatforms) = postSolution
		{D9E8C691-D68E-421C-A3E5-08D9D77E1575}.Debug|Any CPU.ActiveCfg = Debug|Any CPU
		{D9E8C691-D68E-421C-A3E5-08D9D77E1575}.Debug|Any CPU.Build.0 = Debug|Any CPU
		{D9E8C691-D68E-421C-A3E5-08D9D77E1575}.Release|Any CPU.ActiveCfg = Release|Any CPU
		{D9E8C691-D68E-421C-A3E5-08D9D77E1575}.Release|Any CPU.Build.0 = Release|Any CPU
	EndGlobalSection
	GlobalSection(SolutionProperties) = preSolution
		HideSolutionNode = FALSE
	EndGlobalSection
	GlobalSection(ExtensibilityGlobals) = postSolution
		SolutionGuid = {EE472DA5-49F8-4648-BC9E-379A1EEB24FA}
	EndGlobalSection
EndGlobal
