
Microsoft Visual Studio Solution File, Format Version 12.00
# Visual Studio 15
VisualStudioVersion = 15.0.27428.2027
MinimumVisualStudioVersion = 10.0.40219.1
Project("{FAE04EC0-301F-11D3-BF4B-00C04F79EFBC}") = "BigSort", "BigSort\BigSort.csproj", "{BEE04F3C-EB9E-40C2-B1D8-B082F25B73C2}"
EndProject
Global
	GlobalSection(SolutionConfigurationPlatforms) = preSolution
		Debug|Any CPU = Debug|Any CPU
		Release|Any CPU = Release|Any CPU
	EndGlobalSection
	GlobalSection(ProjectConfigurationPlatforms) = postSolution
		{BEE04F3C-EB9E-40C2-B1D8-B082F25B73C2}.Debug|Any CPU.ActiveCfg = Debug|Any CPU
		{BEE04F3C-EB9E-40C2-B1D8-B082F25B73C2}.Debug|Any CPU.Build.0 = Debug|Any CPU
		{BEE04F3C-EB9E-40C2-B1D8-B082F25B73C2}.Release|Any CPU.ActiveCfg = Release|Any CPU
		{BEE04F3C-EB9E-40C2-B1D8-B082F25B73C2}.Release|Any CPU.Build.0 = Release|Any CPU
	EndGlobalSection
	GlobalSection(SolutionProperties) = preSolution
		HideSolutionNode = FALSE
	EndGlobalSection
	GlobalSection(ExtensibilityGlobals) = postSolution
		SolutionGuid = {FC327474-D6A5-419A-9304-80E0B0321BA0}
	EndGlobalSection
EndGlobal
